// !$*UTF8*$!
{
	archiveVersion = 1;
	classes = {
	};
	objectVersion = 52;
	objects = {

/* Begin PBXBuildFile section */
		6102A91E242F5259000DC3F1 /* SplitView.swift in Sources */ = {isa = PBXBuildFile; fileRef = 6102A91D242F5259000DC3F1 /* SplitView.swift */; };
		6113917E243056AB00C74954 /* CommitView.swift in Sources */ = {isa = PBXBuildFile; fileRef = 6113917D243056AB00C74954 /* CommitView.swift */; };
		6114CDDC23AFBAF700EF6B88 /* RecentViewModel+Init.swift in Sources */ = {isa = PBXBuildFile; fileRef = 6114CDDB23AFBAF700EF6B88 /* RecentViewModel+Init.swift */; };
		611D6F282436A2B9006BAD44 /* PullRequestView.swift in Sources */ = {isa = PBXBuildFile; fileRef = 611D6F272436A2B9006BAD44 /* PullRequestView.swift */; };
		611D6F2B2437E538006BAD44 /* KingfisherSwiftUI in Frameworks */ = {isa = PBXBuildFile; productRef = 611D6F2A2437E538006BAD44 /* KingfisherSwiftUI */; };
		611D6F2C2437E538006BAD44 /* KingfisherSwiftUI in Embed Frameworks */ = {isa = PBXBuildFile; productRef = 611D6F2A2437E538006BAD44 /* KingfisherSwiftUI */; settings = {ATTRIBUTES = (CodeSignOnCopy, ); }; };
		611D6F2F2437F764006BAD44 /* Git.swift in Sources */ = {isa = PBXBuildFile; fileRef = 611D6F2E2437F764006BAD44 /* Git.swift */; };
		611D6F3224382DB7006BAD44 /* SourceRepository.swift in Sources */ = {isa = PBXBuildFile; fileRef = 611D6F3124382DB7006BAD44 /* SourceRepository.swift */; };
		611D6F3424382F88006BAD44 /* RepositoryError.swift in Sources */ = {isa = PBXBuildFile; fileRef = 611D6F3324382F88006BAD44 /* RepositoryError.swift */; };
		611D6F35243830BE006BAD44 /* Process+Run.swift in Sources */ = {isa = PBXBuildFile; fileRef = 61375FD923AFA3AF00BFD5F9 /* Process+Run.swift */; };
		611D6F3724386659006BAD44 /* Commit.swift in Sources */ = {isa = PBXBuildFile; fileRef = 611D6F3624386659006BAD44 /* Commit.swift */; };
		611D6F3924386CD1006BAD44 /* CommitTests.swift in Sources */ = {isa = PBXBuildFile; fileRef = 611D6F3824386CD1006BAD44 /* CommitTests.swift */; };
		6121EA552401352500982682 /* XcodeHelper.xpc in CopyFiles */ = {isa = PBXBuildFile; fileRef = 614894B62401344D00AB4788 /* XcodeHelper.xpc */; settings = {ATTRIBUTES = (RemoveHeadersOnCopy, ); }; };
		612768B823AD04BE003397B7 /* README.md in Resources */ = {isa = PBXBuildFile; fileRef = 612768B723AD04BE003397B7 /* README.md */; };
		612F669C2400AFF8001975A6 /* Cocoa.framework in Frameworks */ = {isa = PBXBuildFile; fileRef = 61C4FC68239B8A7B00F75B8D /* Cocoa.framework */; };
		612F669F2400AFF8001975A6 /* SourceEditorExtension.swift in Sources */ = {isa = PBXBuildFile; fileRef = 612F669E2400AFF8001975A6 /* SourceEditorExtension.swift */; };
		612F66A12400AFF8001975A6 /* SourceEditorCommand.swift in Sources */ = {isa = PBXBuildFile; fileRef = 612F66A02400AFF8001975A6 /* SourceEditorCommand.swift */; };
		612F66A62400AFF8001975A6 /* GitBlamePR.appex in Embed App Extensions */ = {isa = PBXBuildFile; fileRef = 612F669B2400AFF8001975A6 /* GitBlamePR.appex */; settings = {ATTRIBUTES = (RemoveHeadersOnCopy, ); }; };
		61375FD823AE71A000BFD5F9 /* RecentView.swift in Sources */ = {isa = PBXBuildFile; fileRef = 61375FD723AE71A000BFD5F9 /* RecentView.swift */; };
		61375FDA23AFA3AF00BFD5F9 /* Process+Run.swift in Sources */ = {isa = PBXBuildFile; fileRef = 61375FD923AFA3AF00BFD5F9 /* Process+Run.swift */; };
		61375FDC23AFA4D900BFD5F9 /* SourceViewModel+Init.swift in Sources */ = {isa = PBXBuildFile; fileRef = 61375FDB23AFA4D900BFD5F9 /* SourceViewModel+Init.swift */; };
		61375FDE23AFA62B00BFD5F9 /* HistoryRepository.swift in Sources */ = {isa = PBXBuildFile; fileRef = 61375FDD23AFA62B00BFD5F9 /* HistoryRepository.swift */; };
		61375FE023AFA84B00BFD5F9 /* History.swift in Sources */ = {isa = PBXBuildFile; fileRef = 61375FDF23AFA84B00BFD5F9 /* History.swift */; };
		61375FE223AFB7F700BFD5F9 /* UserDefaults+Key.swift in Sources */ = {isa = PBXBuildFile; fileRef = 61375FE123AFB7F700BFD5F9 /* UserDefaults+Key.swift */; };
		614894BB2401344D00AB4788 /* XcodeHelper.m in Sources */ = {isa = PBXBuildFile; fileRef = 614894BA2401344D00AB4788 /* XcodeHelper.m */; };
		614894BD2401344D00AB4788 /* main.m in Sources */ = {isa = PBXBuildFile; fileRef = 614894BC2401344D00AB4788 /* main.m */; };
		614894C12401344D00AB4788 /* XcodeHelper.xpc in Embed XPC Services */ = {isa = PBXBuildFile; fileRef = 614894B62401344D00AB4788 /* XcodeHelper.xpc */; settings = {ATTRIBUTES = (RemoveHeadersOnCopy, ); }; };
		615C393E23A46E530036FB97 /* SourceApplicationService.swift in Sources */ = {isa = PBXBuildFile; fileRef = 615C393D23A46E530036FB97 /* SourceApplicationService.swift */; };
		615C395823A4BBEF0036FB97 /* git-blame-pr.pl in Resources */ = {isa = PBXBuildFile; fileRef = 615C395723A4BBEF0036FB97 /* git-blame-pr.pl */; };
		6198CB1324249B4900AE0826 /* SourceView.swift in Sources */ = {isa = PBXBuildFile; fileRef = 6198CB1224249B4900AE0826 /* SourceView.swift */; };
		6198CB1524249EB800AE0826 /* SourceViewWrapper.swift in Sources */ = {isa = PBXBuildFile; fileRef = 6198CB1424249EB800AE0826 /* SourceViewWrapper.swift */; };
		61B5610D2443F78100962999 /* GitCommand.swift in Sources */ = {isa = PBXBuildFile; fileRef = 61B5610C2443F78100962999 /* GitCommand.swift */; };
		61B5610F2444339200962999 /* Commit+Init.swift in Sources */ = {isa = PBXBuildFile; fileRef = 61B5610E2444339200962999 /* Commit+Init.swift */; };
		61B561112444379F00962999 /* Enviroment.swift in Sources */ = {isa = PBXBuildFile; fileRef = 61B561102444379F00962999 /* Enviroment.swift */; };
		61C394682425A362004B1667 /* DetailView.swift in Sources */ = {isa = PBXBuildFile; fileRef = 61C394672425A362004B1667 /* DetailView.swift */; };
		61C3946A2425ADC2004B1667 /* SplitSeparator.swift in Sources */ = {isa = PBXBuildFile; fileRef = 61C394692425ADC2004B1667 /* SplitSeparator.swift */; };
		61C4FC42239B894700F75B8D /* AppDelegate.swift in Sources */ = {isa = PBXBuildFile; fileRef = 61C4FC41239B894700F75B8D /* AppDelegate.swift */; };
		61C4FC46239B894B00F75B8D /* Assets.xcassets in Resources */ = {isa = PBXBuildFile; fileRef = 61C4FC45239B894B00F75B8D /* Assets.xcassets */; };
		61C4FC49239B894B00F75B8D /* Preview Assets.xcassets in Resources */ = {isa = PBXBuildFile; fileRef = 61C4FC48239B894B00F75B8D /* Preview Assets.xcassets */; };
		61C4FC4C239B894B00F75B8D /* Main.storyboard in Resources */ = {isa = PBXBuildFile; fileRef = 61C4FC4A239B894B00F75B8D /* Main.storyboard */; };
		61C4FC58239B894C00F75B8D /* SourceViewModelTests.swift in Sources */ = {isa = PBXBuildFile; fileRef = 61C4FC57239B894C00F75B8D /* SourceViewModelTests.swift */; };
		61E2C969240B31810011CB6D /* URLSchemeTests.swift in Sources */ = {isa = PBXBuildFile; fileRef = 61E2C968240B31810011CB6D /* URLSchemeTests.swift */; };
		61E2C96B240B404E0011CB6D /* URLScheme.swift in Sources */ = {isa = PBXBuildFile; fileRef = 61E2C96A240B404E0011CB6D /* URLScheme.swift */; };
		61EA84C2244190D800EE20D7 /* Command.swift in Sources */ = {isa = PBXBuildFile; fileRef = 61EA84C1244190D800EE20D7 /* Command.swift */; };
		61F1FB9A241D32D900BFA44D /* XcodeConnection.swift in Sources */ = {isa = PBXBuildFile; fileRef = 61F1FB99241D32D900BFA44D /* XcodeConnection.swift */; };
		61F1FB9C241DEAFE00BFA44D /* FileFullPath.swift in Sources */ = {isa = PBXBuildFile; fileRef = 61F1FB9B241DEAFE00BFA44D /* FileFullPath.swift */; };
		61F1FB9E241DEC4E00BFA44D /* FileFullPathTests.swift in Sources */ = {isa = PBXBuildFile; fileRef = 61F1FB9D241DEC4E00BFA44D /* FileFullPathTests.swift */; };
		61F6009E2427761E004155A4 /* Source.swift in Sources */ = {isa = PBXBuildFile; fileRef = 61F6009D2427761E004155A4 /* Source.swift */; };
/* End PBXBuildFile section */

/* Begin PBXContainerItemProxy section */
		612F66A42400AFF8001975A6 /* PBXContainerItemProxy */ = {
			isa = PBXContainerItemProxy;
			containerPortal = 61C4FC36239B894700F75B8D /* Project object */;
			proxyType = 1;
			remoteGlobalIDString = 612F669A2400AFF8001975A6;
			remoteInfo = XcodeExtension;
		};
		614894BF2401344D00AB4788 /* PBXContainerItemProxy */ = {
			isa = PBXContainerItemProxy;
			containerPortal = 61C4FC36239B894700F75B8D /* Project object */;
			proxyType = 1;
			remoteGlobalIDString = 614894B52401344D00AB4788;
			remoteInfo = XcodeHelper;
		};
		61C4FC54239B894C00F75B8D /* PBXContainerItemProxy */ = {
			isa = PBXContainerItemProxy;
			containerPortal = 61C4FC36239B894700F75B8D /* Project object */;
			proxyType = 1;
			remoteGlobalIDString = 61C4FC3D239B894700F75B8D;
			remoteInfo = GitBlamePR;
		};
/* End PBXContainerItemProxy section */

/* Begin PBXCopyFilesBuildPhase section */
		611D6F2D2437E538006BAD44 /* Embed Frameworks */ = {
			isa = PBXCopyFilesBuildPhase;
			buildActionMask = 2147483647;
			dstPath = "";
			dstSubfolderSpec = 10;
			files = (
				611D6F2C2437E538006BAD44 /* KingfisherSwiftUI in Embed Frameworks */,
			);
			name = "Embed Frameworks";
			runOnlyForDeploymentPostprocessing = 0;
		};
		6121EA542401351100982682 /* CopyFiles */ = {
			isa = PBXCopyFilesBuildPhase;
			buildActionMask = 2147483647;
			dstPath = "$(CONTENTS_FOLDER_PATH)/XPCServices";
			dstSubfolderSpec = 16;
			files = (
				6121EA552401352500982682 /* XcodeHelper.xpc in CopyFiles */,
			);
			runOnlyForDeploymentPostprocessing = 0;
		};
		612F66A72400AFF8001975A6 /* Embed App Extensions */ = {
			isa = PBXCopyFilesBuildPhase;
			buildActionMask = 2147483647;
			dstPath = "";
			dstSubfolderSpec = 13;
			files = (
				612F66A62400AFF8001975A6 /* GitBlamePR.appex in Embed App Extensions */,
			);
			name = "Embed App Extensions";
			runOnlyForDeploymentPostprocessing = 0;
		};
		614894C22401344D00AB4788 /* Embed XPC Services */ = {
			isa = PBXCopyFilesBuildPhase;
			buildActionMask = 2147483647;
			dstPath = "$(CONTENTS_FOLDER_PATH)/XPCServices";
			dstSubfolderSpec = 16;
			files = (
				614894C12401344D00AB4788 /* XcodeHelper.xpc in Embed XPC Services */,
			);
			name = "Embed XPC Services";
			runOnlyForDeploymentPostprocessing = 0;
		};
/* End PBXCopyFilesBuildPhase section */

/* Begin PBXFileReference section */
		6102A91D242F5259000DC3F1 /* SplitView.swift */ = {isa = PBXFileReference; lastKnownFileType = sourcecode.swift; path = SplitView.swift; sourceTree = "<group>"; };
		6113917D243056AB00C74954 /* CommitView.swift */ = {isa = PBXFileReference; lastKnownFileType = sourcecode.swift; path = CommitView.swift; sourceTree = "<group>"; };
		6114CDDB23AFBAF700EF6B88 /* RecentViewModel+Init.swift */ = {isa = PBXFileReference; lastKnownFileType = sourcecode.swift; path = "RecentViewModel+Init.swift"; sourceTree = "<group>"; };
		611D6F272436A2B9006BAD44 /* PullRequestView.swift */ = {isa = PBXFileReference; lastKnownFileType = sourcecode.swift; path = PullRequestView.swift; sourceTree = "<group>"; };
		611D6F2E2437F764006BAD44 /* Git.swift */ = {isa = PBXFileReference; lastKnownFileType = sourcecode.swift; path = Git.swift; sourceTree = "<group>"; };
		611D6F3124382DB7006BAD44 /* SourceRepository.swift */ = {isa = PBXFileReference; lastKnownFileType = sourcecode.swift; path = SourceRepository.swift; sourceTree = "<group>"; };
		611D6F3324382F88006BAD44 /* RepositoryError.swift */ = {isa = PBXFileReference; lastKnownFileType = sourcecode.swift; path = RepositoryError.swift; sourceTree = "<group>"; };
		611D6F3624386659006BAD44 /* Commit.swift */ = {isa = PBXFileReference; lastKnownFileType = sourcecode.swift; path = Commit.swift; sourceTree = "<group>"; };
		611D6F3824386CD1006BAD44 /* CommitTests.swift */ = {isa = PBXFileReference; lastKnownFileType = sourcecode.swift; path = CommitTests.swift; sourceTree = "<group>"; };
		6121EA562401356C00982682 /* XcodeExtension-Bridging-Header.h */ = {isa = PBXFileReference; lastKnownFileType = sourcecode.c.h; path = "XcodeExtension-Bridging-Header.h"; sourceTree = "<group>"; };
		6121EA5B240136C600982682 /* Xcode.h */ = {isa = PBXFileReference; lastKnownFileType = sourcecode.c.h; path = Xcode.h; sourceTree = "<group>"; };
		6121EA5C2403329E00982682 /* XcodeHelper.entitlements */ = {isa = PBXFileReference; lastKnownFileType = text.plist.entitlements; path = XcodeHelper.entitlements; sourceTree = "<group>"; };
		612768B723AD04BE003397B7 /* README.md */ = {isa = PBXFileReference; fileEncoding = 4; lastKnownFileType = net.daringfireball.markdown; path = README.md; sourceTree = SOURCE_ROOT; };
		612F669B2400AFF8001975A6 /* GitBlamePR.appex */ = {isa = PBXFileReference; explicitFileType = "wrapper.app-extension"; includeInIndex = 0; path = GitBlamePR.appex; sourceTree = BUILT_PRODUCTS_DIR; };
		612F669E2400AFF8001975A6 /* SourceEditorExtension.swift */ = {isa = PBXFileReference; lastKnownFileType = sourcecode.swift; path = SourceEditorExtension.swift; sourceTree = "<group>"; };
		612F66A02400AFF8001975A6 /* SourceEditorCommand.swift */ = {isa = PBXFileReference; lastKnownFileType = sourcecode.swift; path = SourceEditorCommand.swift; sourceTree = "<group>"; };
		612F66A22400AFF8001975A6 /* Info.plist */ = {isa = PBXFileReference; lastKnownFileType = text.plist.xml; path = Info.plist; sourceTree = "<group>"; };
		612F66A32400AFF8001975A6 /* XcodeExtension.entitlements */ = {isa = PBXFileReference; lastKnownFileType = text.plist.entitlements; path = XcodeExtension.entitlements; sourceTree = "<group>"; };
		61375FD723AE71A000BFD5F9 /* RecentView.swift */ = {isa = PBXFileReference; lastKnownFileType = sourcecode.swift; path = RecentView.swift; sourceTree = "<group>"; };
		61375FD923AFA3AF00BFD5F9 /* Process+Run.swift */ = {isa = PBXFileReference; lastKnownFileType = sourcecode.swift; path = "Process+Run.swift"; sourceTree = "<group>"; };
		61375FDB23AFA4D900BFD5F9 /* SourceViewModel+Init.swift */ = {isa = PBXFileReference; lastKnownFileType = sourcecode.swift; path = "SourceViewModel+Init.swift"; sourceTree = "<group>"; };
		61375FDD23AFA62B00BFD5F9 /* HistoryRepository.swift */ = {isa = PBXFileReference; lastKnownFileType = sourcecode.swift; path = HistoryRepository.swift; sourceTree = "<group>"; };
		61375FDF23AFA84B00BFD5F9 /* History.swift */ = {isa = PBXFileReference; lastKnownFileType = sourcecode.swift; path = History.swift; sourceTree = "<group>"; };
		61375FE123AFB7F700BFD5F9 /* UserDefaults+Key.swift */ = {isa = PBXFileReference; lastKnownFileType = sourcecode.swift; path = "UserDefaults+Key.swift"; sourceTree = "<group>"; };
		614894B62401344D00AB4788 /* XcodeHelper.xpc */ = {isa = PBXFileReference; explicitFileType = "wrapper.xpc-service"; includeInIndex = 0; path = XcodeHelper.xpc; sourceTree = BUILT_PRODUCTS_DIR; };
		614894B82401344D00AB4788 /* XcodeHelperProtocol.h */ = {isa = PBXFileReference; lastKnownFileType = sourcecode.c.h; path = XcodeHelperProtocol.h; sourceTree = "<group>"; };
		614894B92401344D00AB4788 /* XcodeHelper.h */ = {isa = PBXFileReference; lastKnownFileType = sourcecode.c.h; path = XcodeHelper.h; sourceTree = "<group>"; };
		614894BA2401344D00AB4788 /* XcodeHelper.m */ = {isa = PBXFileReference; lastKnownFileType = sourcecode.c.objc; path = XcodeHelper.m; sourceTree = "<group>"; };
		614894BC2401344D00AB4788 /* main.m */ = {isa = PBXFileReference; lastKnownFileType = sourcecode.c.objc; path = main.m; sourceTree = "<group>"; };
		614894BE2401344D00AB4788 /* Info.plist */ = {isa = PBXFileReference; lastKnownFileType = text.plist.xml; path = Info.plist; sourceTree = "<group>"; };
		615C393D23A46E530036FB97 /* SourceApplicationService.swift */ = {isa = PBXFileReference; lastKnownFileType = sourcecode.swift; path = SourceApplicationService.swift; sourceTree = "<group>"; };
		615C395723A4BBEF0036FB97 /* git-blame-pr.pl */ = {isa = PBXFileReference; fileEncoding = 4; lastKnownFileType = text.script.perl; path = "git-blame-pr.pl"; sourceTree = "<group>"; };
		6198CB1224249B4900AE0826 /* SourceView.swift */ = {isa = PBXFileReference; lastKnownFileType = sourcecode.swift; path = SourceView.swift; sourceTree = "<group>"; };
		6198CB1424249EB800AE0826 /* SourceViewWrapper.swift */ = {isa = PBXFileReference; fileEncoding = 4; lastKnownFileType = sourcecode.swift; path = SourceViewWrapper.swift; sourceTree = "<group>"; };
		61B5610C2443F78100962999 /* GitCommand.swift */ = {isa = PBXFileReference; lastKnownFileType = sourcecode.swift; path = GitCommand.swift; sourceTree = "<group>"; };
		61B5610E2444339200962999 /* Commit+Init.swift */ = {isa = PBXFileReference; lastKnownFileType = sourcecode.swift; path = "Commit+Init.swift"; sourceTree = "<group>"; };
		61B561102444379F00962999 /* Enviroment.swift */ = {isa = PBXFileReference; lastKnownFileType = sourcecode.swift; path = Enviroment.swift; sourceTree = "<group>"; };
		61C394672425A362004B1667 /* DetailView.swift */ = {isa = PBXFileReference; lastKnownFileType = sourcecode.swift; path = DetailView.swift; sourceTree = "<group>"; };
		61C394692425ADC2004B1667 /* SplitSeparator.swift */ = {isa = PBXFileReference; lastKnownFileType = sourcecode.swift; path = SplitSeparator.swift; sourceTree = "<group>"; };
		61C4FC3E239B894700F75B8D /* GitBlamePR.app */ = {isa = PBXFileReference; explicitFileType = wrapper.application; includeInIndex = 0; path = GitBlamePR.app; sourceTree = BUILT_PRODUCTS_DIR; };
		61C4FC41239B894700F75B8D /* AppDelegate.swift */ = {isa = PBXFileReference; lastKnownFileType = sourcecode.swift; path = AppDelegate.swift; sourceTree = "<group>"; };
		61C4FC45239B894B00F75B8D /* Assets.xcassets */ = {isa = PBXFileReference; lastKnownFileType = folder.assetcatalog; path = Assets.xcassets; sourceTree = "<group>"; };
		61C4FC48239B894B00F75B8D /* Preview Assets.xcassets */ = {isa = PBXFileReference; lastKnownFileType = folder.assetcatalog; path = "Preview Assets.xcassets"; sourceTree = "<group>"; };
		61C4FC4B239B894B00F75B8D /* Base */ = {isa = PBXFileReference; lastKnownFileType = file.storyboard; name = Base; path = Base.lproj/Main.storyboard; sourceTree = "<group>"; };
		61C4FC4D239B894B00F75B8D /* Info.plist */ = {isa = PBXFileReference; lastKnownFileType = text.plist.xml; path = Info.plist; sourceTree = "<group>"; };
		61C4FC4E239B894B00F75B8D /* GitBlamePR.entitlements */ = {isa = PBXFileReference; lastKnownFileType = text.plist.entitlements; path = GitBlamePR.entitlements; sourceTree = "<group>"; };
		61C4FC53239B894C00F75B8D /* GitBlamePRTests.xctest */ = {isa = PBXFileReference; explicitFileType = wrapper.cfbundle; includeInIndex = 0; path = GitBlamePRTests.xctest; sourceTree = BUILT_PRODUCTS_DIR; };
		61C4FC57239B894C00F75B8D /* SourceViewModelTests.swift */ = {isa = PBXFileReference; lastKnownFileType = sourcecode.swift; path = SourceViewModelTests.swift; sourceTree = "<group>"; };
		61C4FC59239B894C00F75B8D /* Info.plist */ = {isa = PBXFileReference; lastKnownFileType = text.plist.xml; path = Info.plist; sourceTree = "<group>"; };
		61C4FC68239B8A7B00F75B8D /* Cocoa.framework */ = {isa = PBXFileReference; lastKnownFileType = wrapper.framework; name = Cocoa.framework; path = System/Library/Frameworks/Cocoa.framework; sourceTree = SDKROOT; };
		61E2C9602409DE830011CB6D /* GitBlamePR-Bridging-Header.h */ = {isa = PBXFileReference; lastKnownFileType = sourcecode.c.h; path = "GitBlamePR-Bridging-Header.h"; sourceTree = "<group>"; };
		61E2C968240B31810011CB6D /* URLSchemeTests.swift */ = {isa = PBXFileReference; lastKnownFileType = sourcecode.swift; path = URLSchemeTests.swift; sourceTree = "<group>"; };
		61E2C96A240B404E0011CB6D /* URLScheme.swift */ = {isa = PBXFileReference; lastKnownFileType = sourcecode.swift; path = URLScheme.swift; sourceTree = "<group>"; };
		61EA84C1244190D800EE20D7 /* Command.swift */ = {isa = PBXFileReference; lastKnownFileType = sourcecode.swift; path = Command.swift; sourceTree = "<group>"; };
		61F1FB99241D32D900BFA44D /* XcodeConnection.swift */ = {isa = PBXFileReference; lastKnownFileType = sourcecode.swift; path = XcodeConnection.swift; sourceTree = "<group>"; };
		61F1FB9B241DEAFE00BFA44D /* FileFullPath.swift */ = {isa = PBXFileReference; lastKnownFileType = sourcecode.swift; path = FileFullPath.swift; sourceTree = "<group>"; };
		61F1FB9D241DEC4E00BFA44D /* FileFullPathTests.swift */ = {isa = PBXFileReference; lastKnownFileType = sourcecode.swift; path = FileFullPathTests.swift; sourceTree = "<group>"; };
		61F6009D2427761E004155A4 /* Source.swift */ = {isa = PBXFileReference; lastKnownFileType = sourcecode.swift; path = Source.swift; sourceTree = "<group>"; };
/* End PBXFileReference section */

/* Begin PBXFrameworksBuildPhase section */
		612F66982400AFF8001975A6 /* Frameworks */ = {
			isa = PBXFrameworksBuildPhase;
			buildActionMask = 2147483647;
			files = (
				612F669C2400AFF8001975A6 /* Cocoa.framework in Frameworks */,
			);
			runOnlyForDeploymentPostprocessing = 0;
		};
		614894B32401344D00AB4788 /* Frameworks */ = {
			isa = PBXFrameworksBuildPhase;
			buildActionMask = 2147483647;
			files = (
			);
			runOnlyForDeploymentPostprocessing = 0;
		};
		61C4FC3B239B894700F75B8D /* Frameworks */ = {
			isa = PBXFrameworksBuildPhase;
			buildActionMask = 2147483647;
			files = (
				611D6F2B2437E538006BAD44 /* KingfisherSwiftUI in Frameworks */,
			);
			runOnlyForDeploymentPostprocessing = 0;
		};
		61C4FC50239B894C00F75B8D /* Frameworks */ = {
			isa = PBXFrameworksBuildPhase;
			buildActionMask = 2147483647;
			files = (
			);
			runOnlyForDeploymentPostprocessing = 0;
		};
/* End PBXFrameworksBuildPhase section */

/* Begin PBXGroup section */
		611D6F3024382CFA006BAD44 /* Infrastructure */ = {
			isa = PBXGroup;
			children = (
				611D6F2E2437F764006BAD44 /* Git.swift */,
				61375FD923AFA3AF00BFD5F9 /* Process+Run.swift */,
				61375FE123AFB7F700BFD5F9 /* UserDefaults+Key.swift */,
				61B5610C2443F78100962999 /* GitCommand.swift */,
				61EA84C1244190D800EE20D7 /* Command.swift */,
			);
			path = Infrastructure;
			sourceTree = "<group>";
		};
		612F669D2400AFF8001975A6 /* XcodeExtension */ = {
			isa = PBXGroup;
			children = (
				612F669E2400AFF8001975A6 /* SourceEditorExtension.swift */,
				612F66A02400AFF8001975A6 /* SourceEditorCommand.swift */,
				612F66A22400AFF8001975A6 /* Info.plist */,
				612F66A32400AFF8001975A6 /* XcodeExtension.entitlements */,
				6121EA562401356C00982682 /* XcodeExtension-Bridging-Header.h */,
			);
			path = XcodeExtension;
			sourceTree = "<group>";
		};
		61375FE323AFB86D00BFD5F9 /* View */ = {
			isa = PBXGroup;
			children = (
				6198CB1424249EB800AE0826 /* SourceViewWrapper.swift */,
				6198CB1224249B4900AE0826 /* SourceView.swift */,
				61375FD723AE71A000BFD5F9 /* RecentView.swift */,
				61C394672425A362004B1667 /* DetailView.swift */,
				6113917D243056AB00C74954 /* CommitView.swift */,
				611D6F272436A2B9006BAD44 /* PullRequestView.swift */,
				6102A91D242F5259000DC3F1 /* SplitView.swift */,
				61C394692425ADC2004B1667 /* SplitSeparator.swift */,
			);
			path = View;
			sourceTree = "<group>";
		};
		614894B72401344D00AB4788 /* XcodeHelper */ = {
			isa = PBXGroup;
			children = (
				6121EA5C2403329E00982682 /* XcodeHelper.entitlements */,
				6121EA5B240136C600982682 /* Xcode.h */,
				614894B82401344D00AB4788 /* XcodeHelperProtocol.h */,
				614894B92401344D00AB4788 /* XcodeHelper.h */,
				614894BA2401344D00AB4788 /* XcodeHelper.m */,
				614894BC2401344D00AB4788 /* main.m */,
				614894BE2401344D00AB4788 /* Info.plist */,
			);
			path = XcodeHelper;
			sourceTree = "<group>";
		};
		6198CB0E2424987600AE0826 /* ApplicationService */ = {
			isa = PBXGroup;
			children = (
				615C393D23A46E530036FB97 /* SourceApplicationService.swift */,
				6198CB0F2424989500AE0826 /* ViewModel+Init */,
			);
			path = ApplicationService;
			sourceTree = "<group>";
		};
		6198CB0F2424989500AE0826 /* ViewModel+Init */ = {
			isa = PBXGroup;
			children = (
				6114CDDB23AFBAF700EF6B88 /* RecentViewModel+Init.swift */,
				61375FDB23AFA4D900BFD5F9 /* SourceViewModel+Init.swift */,
			);
			path = "ViewModel+Init";
			sourceTree = "<group>";
		};
		6198CB10242498B700AE0826 /* Domain */ = {
			isa = PBXGroup;
			children = (
				61375FDF23AFA84B00BFD5F9 /* History.swift */,
				61E2C96A240B404E0011CB6D /* URLScheme.swift */,
				61F1FB9B241DEAFE00BFA44D /* FileFullPath.swift */,
				61F6009D2427761E004155A4 /* Source.swift */,
				611D6F3624386659006BAD44 /* Commit.swift */,
			);
			path = Domain;
			sourceTree = "<group>";
		};
		6198CB11242498F800AE0826 /* Repository */ = {
			isa = PBXGroup;
			children = (
				61375FDD23AFA62B00BFD5F9 /* HistoryRepository.swift */,
				611D6F3124382DB7006BAD44 /* SourceRepository.swift */,
				611D6F3324382F88006BAD44 /* RepositoryError.swift */,
				61B5610E2444339200962999 /* Commit+Init.swift */,
			);
			path = Repository;
			sourceTree = "<group>";
		};
		61C4FC35239B894700F75B8D = {
			isa = PBXGroup;
			children = (
				61C4FC40239B894700F75B8D /* GitBlamePR */,
				61C4FC56239B894C00F75B8D /* GitBlamePRTests */,
				612F669D2400AFF8001975A6 /* XcodeExtension */,
				614894B72401344D00AB4788 /* XcodeHelper */,
				61C4FC67239B8A7B00F75B8D /* Frameworks */,
				61C4FC3F239B894700F75B8D /* Products */,
			);
			sourceTree = "<group>";
		};
		61C4FC3F239B894700F75B8D /* Products */ = {
			isa = PBXGroup;
			children = (
				61C4FC3E239B894700F75B8D /* GitBlamePR.app */,
				61C4FC53239B894C00F75B8D /* GitBlamePRTests.xctest */,
				612F669B2400AFF8001975A6 /* GitBlamePR.appex */,
				614894B62401344D00AB4788 /* XcodeHelper.xpc */,
			);
			name = Products;
			sourceTree = "<group>";
		};
		61C4FC40239B894700F75B8D /* GitBlamePR */ = {
			isa = PBXGroup;
			children = (
				611D6F3024382CFA006BAD44 /* Infrastructure */,
				6198CB11242498F800AE0826 /* Repository */,
				6198CB10242498B700AE0826 /* Domain */,
				6198CB0E2424987600AE0826 /* ApplicationService */,
				61375FE323AFB86D00BFD5F9 /* View */,
				61C4FC41239B894700F75B8D /* AppDelegate.swift */,
				61F1FB99241D32D900BFA44D /* XcodeConnection.swift */,
				615C395723A4BBEF0036FB97 /* git-blame-pr.pl */,
				61C4FC45239B894B00F75B8D /* Assets.xcassets */,
				61C4FC4A239B894B00F75B8D /* Main.storyboard */,
				61C4FC4D239B894B00F75B8D /* Info.plist */,
				612768B723AD04BE003397B7 /* README.md */,
				61C4FC4E239B894B00F75B8D /* GitBlamePR.entitlements */,
				61C4FC47239B894B00F75B8D /* Preview Content */,
				61E2C9602409DE830011CB6D /* GitBlamePR-Bridging-Header.h */,
			);
			path = GitBlamePR;
			sourceTree = "<group>";
		};
		61C4FC47239B894B00F75B8D /* Preview Content */ = {
			isa = PBXGroup;
			children = (
				61C4FC48239B894B00F75B8D /* Preview Assets.xcassets */,
			);
			path = "Preview Content";
			sourceTree = "<group>";
		};
		61C4FC56239B894C00F75B8D /* GitBlamePRTests */ = {
			isa = PBXGroup;
			children = (
				61C4FC57239B894C00F75B8D /* SourceViewModelTests.swift */,
				61E2C968240B31810011CB6D /* URLSchemeTests.swift */,
				61F1FB9D241DEC4E00BFA44D /* FileFullPathTests.swift */,
				611D6F3824386CD1006BAD44 /* CommitTests.swift */,
				61B561102444379F00962999 /* Enviroment.swift */,
				61C4FC59239B894C00F75B8D /* Info.plist */,
			);
			path = GitBlamePRTests;
			sourceTree = "<group>";
		};
		61C4FC67239B8A7B00F75B8D /* Frameworks */ = {
			isa = PBXGroup;
			children = (
				61C4FC68239B8A7B00F75B8D /* Cocoa.framework */,
			);
			name = Frameworks;
			sourceTree = "<group>";
		};
/* End PBXGroup section */

/* Begin PBXNativeTarget section */
		612F669A2400AFF8001975A6 /* XcodeExtension */ = {
			isa = PBXNativeTarget;
			buildConfigurationList = 612F66AA2400AFF8001975A6 /* Build configuration list for PBXNativeTarget "XcodeExtension" */;
			buildPhases = (
				612F66972400AFF8001975A6 /* Sources */,
				612F66982400AFF8001975A6 /* Frameworks */,
				612F66992400AFF8001975A6 /* Resources */,
				6121EA542401351100982682 /* CopyFiles */,
			);
			buildRules = (
			);
			dependencies = (
			);
			name = XcodeExtension;
			productName = XcodeExtension;
			productReference = 612F669B2400AFF8001975A6 /* GitBlamePR.appex */;
			productType = "com.apple.product-type.xcode-extension";
		};
		614894B52401344D00AB4788 /* XcodeHelper */ = {
			isa = PBXNativeTarget;
			buildConfigurationList = 614894C52401344D00AB4788 /* Build configuration list for PBXNativeTarget "XcodeHelper" */;
			buildPhases = (
				614894B22401344D00AB4788 /* Sources */,
				614894B32401344D00AB4788 /* Frameworks */,
				614894B42401344D00AB4788 /* Resources */,
			);
			buildRules = (
			);
			dependencies = (
			);
			name = XcodeHelper;
			productName = XcodeHelper;
			productReference = 614894B62401344D00AB4788 /* XcodeHelper.xpc */;
			productType = "com.apple.product-type.xpc-service";
		};
		61C4FC3D239B894700F75B8D /* GitBlamePR */ = {
			isa = PBXNativeTarget;
			buildConfigurationList = 61C4FC5C239B894C00F75B8D /* Build configuration list for PBXNativeTarget "GitBlamePR" */;
			buildPhases = (
				61C4FC3A239B894700F75B8D /* Sources */,
				61C4FC3B239B894700F75B8D /* Frameworks */,
				61C4FC3C239B894700F75B8D /* Resources */,
				612F66A72400AFF8001975A6 /* Embed App Extensions */,
				614894C22401344D00AB4788 /* Embed XPC Services */,
				611D6F2D2437E538006BAD44 /* Embed Frameworks */,
			);
			buildRules = (
			);
			dependencies = (
				612F66A52400AFF8001975A6 /* PBXTargetDependency */,
				614894C02401344D00AB4788 /* PBXTargetDependency */,
			);
			name = GitBlamePR;
			packageProductDependencies = (
				611D6F2A2437E538006BAD44 /* KingfisherSwiftUI */,
			);
			productName = GitBlamePR;
			productReference = 61C4FC3E239B894700F75B8D /* GitBlamePR.app */;
			productType = "com.apple.product-type.application";
		};
		61C4FC52239B894C00F75B8D /* GitBlamePRTests */ = {
			isa = PBXNativeTarget;
			buildConfigurationList = 61C4FC5F239B894C00F75B8D /* Build configuration list for PBXNativeTarget "GitBlamePRTests" */;
			buildPhases = (
				61C4FC4F239B894C00F75B8D /* Sources */,
				61C4FC50239B894C00F75B8D /* Frameworks */,
				61C4FC51239B894C00F75B8D /* Resources */,
			);
			buildRules = (
			);
			dependencies = (
				61C4FC55239B894C00F75B8D /* PBXTargetDependency */,
			);
			name = GitBlamePRTests;
			productName = GitBlamePRTests;
			productReference = 61C4FC53239B894C00F75B8D /* GitBlamePRTests.xctest */;
			productType = "com.apple.product-type.bundle.unit-test";
		};
/* End PBXNativeTarget section */

/* Begin PBXProject section */
		61C4FC36239B894700F75B8D /* Project object */ = {
			isa = PBXProject;
			attributes = {
				LastSwiftUpdateCheck = 1130;
				LastUpgradeCheck = 1120;
				ORGANIZATIONNAME = dev.aoyama;
				TargetAttributes = {
					612F669A2400AFF8001975A6 = {
						CreatedOnToolsVersion = 11.3;
						LastSwiftMigration = 1130;
					};
					614894B52401344D00AB4788 = {
						CreatedOnToolsVersion = 11.3;
					};
					61C4FC3D239B894700F75B8D = {
						CreatedOnToolsVersion = 11.2.1;
						LastSwiftMigration = 1130;
					};
					61C4FC52239B894C00F75B8D = {
						CreatedOnToolsVersion = 11.2.1;
						TestTargetID = 61C4FC3D239B894700F75B8D;
					};
				};
			};
			buildConfigurationList = 61C4FC39239B894700F75B8D /* Build configuration list for PBXProject "GitBlamePR" */;
			compatibilityVersion = "Xcode 9.3";
			developmentRegion = en;
			hasScannedForEncodings = 0;
			knownRegions = (
				en,
				Base,
			);
			mainGroup = 61C4FC35239B894700F75B8D;
			packageReferences = (
				611D6F292437E538006BAD44 /* XCRemoteSwiftPackageReference "Kingfisher" */,
			);
			productRefGroup = 61C4FC3F239B894700F75B8D /* Products */;
			projectDirPath = "";
			projectRoot = "";
			targets = (
				61C4FC3D239B894700F75B8D /* GitBlamePR */,
				61C4FC52239B894C00F75B8D /* GitBlamePRTests */,
				612F669A2400AFF8001975A6 /* XcodeExtension */,
				614894B52401344D00AB4788 /* XcodeHelper */,
			);
		};
/* End PBXProject section */

/* Begin PBXResourcesBuildPhase section */
		612F66992400AFF8001975A6 /* Resources */ = {
			isa = PBXResourcesBuildPhase;
			buildActionMask = 2147483647;
			files = (
			);
			runOnlyForDeploymentPostprocessing = 0;
		};
		614894B42401344D00AB4788 /* Resources */ = {
			isa = PBXResourcesBuildPhase;
			buildActionMask = 2147483647;
			files = (
			);
			runOnlyForDeploymentPostprocessing = 0;
		};
		61C4FC3C239B894700F75B8D /* Resources */ = {
			isa = PBXResourcesBuildPhase;
			buildActionMask = 2147483647;
			files = (
				61C4FC4C239B894B00F75B8D /* Main.storyboard in Resources */,
				61C4FC49239B894B00F75B8D /* Preview Assets.xcassets in Resources */,
				612768B823AD04BE003397B7 /* README.md in Resources */,
				615C395823A4BBEF0036FB97 /* git-blame-pr.pl in Resources */,
				61C4FC46239B894B00F75B8D /* Assets.xcassets in Resources */,
			);
			runOnlyForDeploymentPostprocessing = 0;
		};
		61C4FC51239B894C00F75B8D /* Resources */ = {
			isa = PBXResourcesBuildPhase;
			buildActionMask = 2147483647;
			files = (
			);
			runOnlyForDeploymentPostprocessing = 0;
		};
/* End PBXResourcesBuildPhase section */

/* Begin PBXSourcesBuildPhase section */
		612F66972400AFF8001975A6 /* Sources */ = {
			isa = PBXSourcesBuildPhase;
			buildActionMask = 2147483647;
			files = (
				612F669F2400AFF8001975A6 /* SourceEditorExtension.swift in Sources */,
				612F66A12400AFF8001975A6 /* SourceEditorCommand.swift in Sources */,
				611D6F35243830BE006BAD44 /* Process+Run.swift in Sources */,
			);
			runOnlyForDeploymentPostprocessing = 0;
		};
		614894B22401344D00AB4788 /* Sources */ = {
			isa = PBXSourcesBuildPhase;
			buildActionMask = 2147483647;
			files = (
				614894BD2401344D00AB4788 /* main.m in Sources */,
				614894BB2401344D00AB4788 /* XcodeHelper.m in Sources */,
			);
			runOnlyForDeploymentPostprocessing = 0;
		};
		61C4FC3A239B894700F75B8D /* Sources */ = {
			isa = PBXSourcesBuildPhase;
			buildActionMask = 2147483647;
			files = (
				611D6F3724386659006BAD44 /* Commit.swift in Sources */,
				61F1FB9C241DEAFE00BFA44D /* FileFullPath.swift in Sources */,
				61B5610D2443F78100962999 /* GitCommand.swift in Sources */,
				6198CB1324249B4900AE0826 /* SourceView.swift in Sources */,
				6198CB1524249EB800AE0826 /* SourceViewWrapper.swift in Sources */,
				61375FDA23AFA3AF00BFD5F9 /* Process+Run.swift in Sources */,
				61375FE023AFA84B00BFD5F9 /* History.swift in Sources */,
				611D6F2F2437F764006BAD44 /* Git.swift in Sources */,
				6102A91E242F5259000DC3F1 /* SplitView.swift in Sources */,
				61EA84C2244190D800EE20D7 /* Command.swift in Sources */,
				615C393E23A46E530036FB97 /* SourceApplicationService.swift in Sources */,
				61375FDE23AFA62B00BFD5F9 /* HistoryRepository.swift in Sources */,
				61C4FC42239B894700F75B8D /* AppDelegate.swift in Sources */,
				61375FE223AFB7F700BFD5F9 /* UserDefaults+Key.swift in Sources */,
				61B5610F2444339200962999 /* Commit+Init.swift in Sources */,
				61F6009E2427761E004155A4 /* Source.swift in Sources */,
				61375FD823AE71A000BFD5F9 /* RecentView.swift in Sources */,
				61375FDC23AFA4D900BFD5F9 /* SourceViewModel+Init.swift in Sources */,
				611D6F3424382F88006BAD44 /* RepositoryError.swift in Sources */,
				61C3946A2425ADC2004B1667 /* SplitSeparator.swift in Sources */,
				61E2C96B240B404E0011CB6D /* URLScheme.swift in Sources */,
				6114CDDC23AFBAF700EF6B88 /* RecentViewModel+Init.swift in Sources */,
				6113917E243056AB00C74954 /* CommitView.swift in Sources */,
				611D6F3224382DB7006BAD44 /* SourceRepository.swift in Sources */,
				611D6F282436A2B9006BAD44 /* PullRequestView.swift in Sources */,
				61C394682425A362004B1667 /* DetailView.swift in Sources */,
				61F1FB9A241D32D900BFA44D /* XcodeConnection.swift in Sources */,
			);
			runOnlyForDeploymentPostprocessing = 0;
		};
		61C4FC4F239B894C00F75B8D /* Sources */ = {
			isa = PBXSourcesBuildPhase;
			buildActionMask = 2147483647;
			files = (
				61F1FB9E241DEC4E00BFA44D /* FileFullPathTests.swift in Sources */,
				611D6F3924386CD1006BAD44 /* CommitTests.swift in Sources */,
				61B561112444379F00962999 /* Enviroment.swift in Sources */,
				61E2C969240B31810011CB6D /* URLSchemeTests.swift in Sources */,
				61C4FC58239B894C00F75B8D /* SourceViewModelTests.swift in Sources */,
			);
			runOnlyForDeploymentPostprocessing = 0;
		};
/* End PBXSourcesBuildPhase section */

/* Begin PBXTargetDependency section */
		612F66A52400AFF8001975A6 /* PBXTargetDependency */ = {
			isa = PBXTargetDependency;
			target = 612F669A2400AFF8001975A6 /* XcodeExtension */;
			targetProxy = 612F66A42400AFF8001975A6 /* PBXContainerItemProxy */;
		};
		614894C02401344D00AB4788 /* PBXTargetDependency */ = {
			isa = PBXTargetDependency;
			target = 614894B52401344D00AB4788 /* XcodeHelper */;
			targetProxy = 614894BF2401344D00AB4788 /* PBXContainerItemProxy */;
		};
		61C4FC55239B894C00F75B8D /* PBXTargetDependency */ = {
			isa = PBXTargetDependency;
			target = 61C4FC3D239B894700F75B8D /* GitBlamePR */;
			targetProxy = 61C4FC54239B894C00F75B8D /* PBXContainerItemProxy */;
		};
/* End PBXTargetDependency section */

/* Begin PBXVariantGroup section */
		61C4FC4A239B894B00F75B8D /* Main.storyboard */ = {
			isa = PBXVariantGroup;
			children = (
				61C4FC4B239B894B00F75B8D /* Base */,
			);
			name = Main.storyboard;
			sourceTree = "<group>";
		};
/* End PBXVariantGroup section */

/* Begin XCBuildConfiguration section */
		612F66A82400AFF8001975A6 /* Debug */ = {
			isa = XCBuildConfiguration;
			buildSettings = {
				CLANG_ENABLE_MODULES = YES;
				CODE_SIGN_ENTITLEMENTS = XcodeExtension/XcodeExtension.entitlements;
				CODE_SIGN_IDENTITY = "Apple Development";
				CODE_SIGN_STYLE = Automatic;
				COMBINE_HIDPI_IMAGES = YES;
				CURRENT_PROJECT_VERSION = 5;
				DEVELOPMENT_TEAM = JRA6VW2DG4;
				ENABLE_HARDENED_RUNTIME = YES;
				INFOPLIST_FILE = XcodeExtension/Info.plist;
				LD_RUNPATH_SEARCH_PATHS = (
					"$(inherited)",
					"@executable_path/../Frameworks",
					"@executable_path/../../../../Frameworks",
				);
				MARKETING_VERSION = 0.5.0;
				PRODUCT_BUNDLE_IDENTIFIER = dev.aoyama.GitBlamePR.XcodeExtension;
				PRODUCT_MODULE_NAME = XcodeExtension;
				PRODUCT_NAME = GitBlamePR;
				SKIP_INSTALL = YES;
				SWIFT_OBJC_BRIDGING_HEADER = "XcodeExtension/XcodeExtension-Bridging-Header.h";
				SWIFT_OPTIMIZATION_LEVEL = "-Onone";
				SWIFT_VERSION = 5.0;
			};
			name = Debug;
		};
		612F66A92400AFF8001975A6 /* Release */ = {
			isa = XCBuildConfiguration;
			buildSettings = {
				CLANG_ENABLE_MODULES = YES;
				CODE_SIGN_ENTITLEMENTS = XcodeExtension/XcodeExtension.entitlements;
				CODE_SIGN_IDENTITY = "Apple Development";
				CODE_SIGN_STYLE = Automatic;
				COMBINE_HIDPI_IMAGES = YES;
				CURRENT_PROJECT_VERSION = 5;
				DEVELOPMENT_TEAM = JRA6VW2DG4;
				ENABLE_HARDENED_RUNTIME = YES;
				INFOPLIST_FILE = XcodeExtension/Info.plist;
				LD_RUNPATH_SEARCH_PATHS = (
					"$(inherited)",
					"@executable_path/../Frameworks",
					"@executable_path/../../../../Frameworks",
				);
				MARKETING_VERSION = 0.5.0;
				PRODUCT_BUNDLE_IDENTIFIER = dev.aoyama.GitBlamePR.XcodeExtension;
				PRODUCT_MODULE_NAME = XcodeExtension;
				PRODUCT_NAME = GitBlamePR;
				SKIP_INSTALL = YES;
				SWIFT_OBJC_BRIDGING_HEADER = "XcodeExtension/XcodeExtension-Bridging-Header.h";
				SWIFT_VERSION = 5.0;
			};
			name = Release;
		};
		614894C32401344D00AB4788 /* Debug */ = {
			isa = XCBuildConfiguration;
			buildSettings = {
				CODE_SIGN_ENTITLEMENTS = XcodeHelper/XcodeHelper.entitlements;
				CODE_SIGN_IDENTITY = "Apple Development";
				CODE_SIGN_STYLE = Automatic;
				COMBINE_HIDPI_IMAGES = YES;
				CURRENT_PROJECT_VERSION = 5;
				DEVELOPMENT_TEAM = JRA6VW2DG4;
				ENABLE_HARDENED_RUNTIME = YES;
				INFOPLIST_FILE = XcodeHelper/Info.plist;
				MARKETING_VERSION = 0.5.0;
				PRODUCT_BUNDLE_IDENTIFIER = dev.aoyama.XcodeHelper;
				PRODUCT_NAME = "$(TARGET_NAME)";
				SKIP_INSTALL = YES;
			};
			name = Debug;
		};
		614894C42401344D00AB4788 /* Release */ = {
			isa = XCBuildConfiguration;
			buildSettings = {
				CODE_SIGN_ENTITLEMENTS = XcodeHelper/XcodeHelper.entitlements;
				CODE_SIGN_IDENTITY = "Apple Development";
				CODE_SIGN_STYLE = Automatic;
				COMBINE_HIDPI_IMAGES = YES;
				CURRENT_PROJECT_VERSION = 5;
				DEVELOPMENT_TEAM = JRA6VW2DG4;
				ENABLE_HARDENED_RUNTIME = YES;
				INFOPLIST_FILE = XcodeHelper/Info.plist;
				MARKETING_VERSION = 0.5.0;
				PRODUCT_BUNDLE_IDENTIFIER = dev.aoyama.XcodeHelper;
				PRODUCT_NAME = "$(TARGET_NAME)";
				SKIP_INSTALL = YES;
			};
			name = Release;
		};
		61C4FC5A239B894C00F75B8D /* Debug */ = {
			isa = XCBuildConfiguration;
			buildSettings = {
				ALWAYS_SEARCH_USER_PATHS = NO;
				CLANG_ANALYZER_NONNULL = YES;
				CLANG_ANALYZER_NUMBER_OBJECT_CONVERSION = YES_AGGRESSIVE;
				CLANG_CXX_LANGUAGE_STANDARD = "gnu++14";
				CLANG_CXX_LIBRARY = "libc++";
				CLANG_ENABLE_MODULES = YES;
				CLANG_ENABLE_OBJC_ARC = YES;
				CLANG_ENABLE_OBJC_WEAK = YES;
				CLANG_WARN_BLOCK_CAPTURE_AUTORELEASING = YES;
				CLANG_WARN_BOOL_CONVERSION = YES;
				CLANG_WARN_COMMA = YES;
				CLANG_WARN_CONSTANT_CONVERSION = YES;
				CLANG_WARN_DEPRECATED_OBJC_IMPLEMENTATIONS = YES;
				CLANG_WARN_DIRECT_OBJC_ISA_USAGE = YES_ERROR;
				CLANG_WARN_DOCUMENTATION_COMMENTS = YES;
				CLANG_WARN_EMPTY_BODY = YES;
				CLANG_WARN_ENUM_CONVERSION = YES;
				CLANG_WARN_INFINITE_RECURSION = YES;
				CLANG_WARN_INT_CONVERSION = YES;
				CLANG_WARN_NON_LITERAL_NULL_CONVERSION = YES;
				CLANG_WARN_OBJC_IMPLICIT_RETAIN_SELF = YES;
				CLANG_WARN_OBJC_LITERAL_CONVERSION = YES;
				CLANG_WARN_OBJC_ROOT_CLASS = YES_ERROR;
				CLANG_WARN_RANGE_LOOP_ANALYSIS = YES;
				CLANG_WARN_STRICT_PROTOTYPES = YES;
				CLANG_WARN_SUSPICIOUS_MOVE = YES;
				CLANG_WARN_UNGUARDED_AVAILABILITY = YES_AGGRESSIVE;
				CLANG_WARN_UNREACHABLE_CODE = YES;
				CLANG_WARN__DUPLICATE_METHOD_MATCH = YES;
				COPY_PHASE_STRIP = NO;
				DEBUG_INFORMATION_FORMAT = dwarf;
				ENABLE_STRICT_OBJC_MSGSEND = YES;
				ENABLE_TESTABILITY = YES;
				GCC_C_LANGUAGE_STANDARD = gnu11;
				GCC_DYNAMIC_NO_PIC = NO;
				GCC_NO_COMMON_BLOCKS = YES;
				GCC_OPTIMIZATION_LEVEL = 0;
				GCC_PREPROCESSOR_DEFINITIONS = (
					"DEBUG=1",
					"$(inherited)",
				);
				GCC_WARN_64_TO_32_BIT_CONVERSION = YES;
				GCC_WARN_ABOUT_RETURN_TYPE = YES_ERROR;
				GCC_WARN_UNDECLARED_SELECTOR = YES;
				GCC_WARN_UNINITIALIZED_AUTOS = YES_AGGRESSIVE;
				GCC_WARN_UNUSED_FUNCTION = YES;
				GCC_WARN_UNUSED_VARIABLE = YES;
				MACOSX_DEPLOYMENT_TARGET = 10.15;
				MTL_ENABLE_DEBUG_INFO = INCLUDE_SOURCE;
				MTL_FAST_MATH = YES;
				ONLY_ACTIVE_ARCH = YES;
				SDKROOT = macosx;
				SWIFT_ACTIVE_COMPILATION_CONDITIONS = DEBUG;
				SWIFT_OPTIMIZATION_LEVEL = "-Onone";
			};
			name = Debug;
		};
		61C4FC5B239B894C00F75B8D /* Release */ = {
			isa = XCBuildConfiguration;
			buildSettings = {
				ALWAYS_SEARCH_USER_PATHS = NO;
				CLANG_ANALYZER_NONNULL = YES;
				CLANG_ANALYZER_NUMBER_OBJECT_CONVERSION = YES_AGGRESSIVE;
				CLANG_CXX_LANGUAGE_STANDARD = "gnu++14";
				CLANG_CXX_LIBRARY = "libc++";
				CLANG_ENABLE_MODULES = YES;
				CLANG_ENABLE_OBJC_ARC = YES;
				CLANG_ENABLE_OBJC_WEAK = YES;
				CLANG_WARN_BLOCK_CAPTURE_AUTORELEASING = YES;
				CLANG_WARN_BOOL_CONVERSION = YES;
				CLANG_WARN_COMMA = YES;
				CLANG_WARN_CONSTANT_CONVERSION = YES;
				CLANG_WARN_DEPRECATED_OBJC_IMPLEMENTATIONS = YES;
				CLANG_WARN_DIRECT_OBJC_ISA_USAGE = YES_ERROR;
				CLANG_WARN_DOCUMENTATION_COMMENTS = YES;
				CLANG_WARN_EMPTY_BODY = YES;
				CLANG_WARN_ENUM_CONVERSION = YES;
				CLANG_WARN_INFINITE_RECURSION = YES;
				CLANG_WARN_INT_CONVERSION = YES;
				CLANG_WARN_NON_LITERAL_NULL_CONVERSION = YES;
				CLANG_WARN_OBJC_IMPLICIT_RETAIN_SELF = YES;
				CLANG_WARN_OBJC_LITERAL_CONVERSION = YES;
				CLANG_WARN_OBJC_ROOT_CLASS = YES_ERROR;
				CLANG_WARN_RANGE_LOOP_ANALYSIS = YES;
				CLANG_WARN_STRICT_PROTOTYPES = YES;
				CLANG_WARN_SUSPICIOUS_MOVE = YES;
				CLANG_WARN_UNGUARDED_AVAILABILITY = YES_AGGRESSIVE;
				CLANG_WARN_UNREACHABLE_CODE = YES;
				CLANG_WARN__DUPLICATE_METHOD_MATCH = YES;
				COPY_PHASE_STRIP = NO;
				DEBUG_INFORMATION_FORMAT = "dwarf-with-dsym";
				ENABLE_NS_ASSERTIONS = NO;
				ENABLE_STRICT_OBJC_MSGSEND = YES;
				GCC_C_LANGUAGE_STANDARD = gnu11;
				GCC_NO_COMMON_BLOCKS = YES;
				GCC_WARN_64_TO_32_BIT_CONVERSION = YES;
				GCC_WARN_ABOUT_RETURN_TYPE = YES_ERROR;
				GCC_WARN_UNDECLARED_SELECTOR = YES;
				GCC_WARN_UNINITIALIZED_AUTOS = YES_AGGRESSIVE;
				GCC_WARN_UNUSED_FUNCTION = YES;
				GCC_WARN_UNUSED_VARIABLE = YES;
				MACOSX_DEPLOYMENT_TARGET = 10.15;
				MTL_ENABLE_DEBUG_INFO = NO;
				MTL_FAST_MATH = YES;
				SDKROOT = macosx;
				SWIFT_COMPILATION_MODE = wholemodule;
				SWIFT_OPTIMIZATION_LEVEL = "-O";
			};
			name = Release;
		};
		61C4FC5D239B894C00F75B8D /* Debug */ = {
			isa = XCBuildConfiguration;
			buildSettings = {
				ALWAYS_EMBED_SWIFT_STANDARD_LIBRARIES = YES;
				ASSETCATALOG_COMPILER_APPICON_NAME = AppIcon;
				CLANG_ENABLE_MODULES = YES;
				CODE_SIGN_ENTITLEMENTS = GitBlamePR/GitBlamePR.entitlements;
				CODE_SIGN_IDENTITY = "Apple Development";
				CODE_SIGN_STYLE = Automatic;
				COMBINE_HIDPI_IMAGES = YES;
				CURRENT_PROJECT_VERSION = 5;
				DEVELOPMENT_ASSET_PATHS = "\"GitBlamePR/Preview Content\"";
				DEVELOPMENT_TEAM = JRA6VW2DG4;
				ENABLE_HARDENED_RUNTIME = YES;
				ENABLE_PREVIEWS = YES;
				INFOPLIST_FILE = GitBlamePR/Info.plist;
				LD_RUNPATH_SEARCH_PATHS = (
					"$(inherited)",
					"@executable_path/../Frameworks",
				);
				MACOSX_DEPLOYMENT_TARGET = 10.15;
				MARKETING_VERSION = 0.5.0;
				PRODUCT_BUNDLE_IDENTIFIER = dev.aoyama.GitBlamePR;
				PRODUCT_NAME = "$(TARGET_NAME)";
				PROVISIONING_PROFILE_SPECIFIER = "";
				SWIFT_OBJC_BRIDGING_HEADER = "GitBlamePR/GitBlamePR-Bridging-Header.h";
				SWIFT_OPTIMIZATION_LEVEL = "-Onone";
				SWIFT_VERSION = 5.0;
			};
			name = Debug;
		};
		61C4FC5E239B894C00F75B8D /* Release */ = {
			isa = XCBuildConfiguration;
			buildSettings = {
				ALWAYS_EMBED_SWIFT_STANDARD_LIBRARIES = YES;
				ASSETCATALOG_COMPILER_APPICON_NAME = AppIcon;
				CLANG_ENABLE_MODULES = YES;
				CODE_SIGN_ENTITLEMENTS = GitBlamePR/GitBlamePR.entitlements;
				CODE_SIGN_IDENTITY = "Apple Development";
				CODE_SIGN_STYLE = Automatic;
				COMBINE_HIDPI_IMAGES = YES;
				CURRENT_PROJECT_VERSION = 5;
				DEVELOPMENT_ASSET_PATHS = "\"GitBlamePR/Preview Content\"";
				DEVELOPMENT_TEAM = JRA6VW2DG4;
				ENABLE_HARDENED_RUNTIME = YES;
				ENABLE_PREVIEWS = YES;
				INFOPLIST_FILE = GitBlamePR/Info.plist;
				LD_RUNPATH_SEARCH_PATHS = (
					"$(inherited)",
					"@executable_path/../Frameworks",
				);
				MACOSX_DEPLOYMENT_TARGET = 10.15;
				MARKETING_VERSION = 0.5.0;
				PRODUCT_BUNDLE_IDENTIFIER = dev.aoyama.GitBlamePR;
				PRODUCT_NAME = "$(TARGET_NAME)";
				PROVISIONING_PROFILE_SPECIFIER = "";
				SWIFT_OBJC_BRIDGING_HEADER = "GitBlamePR/GitBlamePR-Bridging-Header.h";
				SWIFT_VERSION = 5.0;
			};
			name = Release;
		};
		61C4FC60239B894C00F75B8D /* Debug */ = {
			isa = XCBuildConfiguration;
			buildSettings = {
				ALWAYS_EMBED_SWIFT_STANDARD_LIBRARIES = YES;
				BUNDLE_LOADER = "$(TEST_HOST)";
				CODE_SIGN_STYLE = Automatic;
				COMBINE_HIDPI_IMAGES = YES;
				DEVELOPMENT_TEAM = JRA6VW2DG4;
				INFOPLIST_FILE = GitBlamePRTests/Info.plist;
				LD_RUNPATH_SEARCH_PATHS = (
					"$(inherited)",
					"@executable_path/../Frameworks",
					"@loader_path/../Frameworks",
				);
				MACOSX_DEPLOYMENT_TARGET = 10.15;
				PRODUCT_BUNDLE_IDENTIFIER = dev.aoyama.GitBlamePRTests;
				PRODUCT_NAME = "$(TARGET_NAME)";
				SWIFT_VERSION = 5.0;
				TEST_HOST = "$(BUILT_PRODUCTS_DIR)/GitBlamePR.app/Contents/MacOS/GitBlamePR";
			};
			name = Debug;
		};
		61C4FC61239B894C00F75B8D /* Release */ = {
			isa = XCBuildConfiguration;
			buildSettings = {
				ALWAYS_EMBED_SWIFT_STANDARD_LIBRARIES = YES;
				BUNDLE_LOADER = "$(TEST_HOST)";
				CODE_SIGN_STYLE = Automatic;
				COMBINE_HIDPI_IMAGES = YES;
				DEVELOPMENT_TEAM = JRA6VW2DG4;
				INFOPLIST_FILE = GitBlamePRTests/Info.plist;
				LD_RUNPATH_SEARCH_PATHS = (
					"$(inherited)",
					"@executable_path/../Frameworks",
					"@loader_path/../Frameworks",
				);
				MACOSX_DEPLOYMENT_TARGET = 10.15;
				PRODUCT_BUNDLE_IDENTIFIER = dev.aoyama.GitBlamePRTests;
				PRODUCT_NAME = "$(TARGET_NAME)";
				SWIFT_VERSION = 5.0;
				TEST_HOST = "$(BUILT_PRODUCTS_DIR)/GitBlamePR.app/Contents/MacOS/GitBlamePR";
			};
			name = Release;
		};
/* End XCBuildConfiguration section */

/* Begin XCConfigurationList section */
		612F66AA2400AFF8001975A6 /* Build configuration list for PBXNativeTarget "XcodeExtension" */ = {
			isa = XCConfigurationList;
			buildConfigurations = (
				612F66A82400AFF8001975A6 /* Debug */,
				612F66A92400AFF8001975A6 /* Release */,
			);
			defaultConfigurationIsVisible = 0;
			defaultConfigurationName = Release;
		};
		614894C52401344D00AB4788 /* Build configuration list for PBXNativeTarget "XcodeHelper" */ = {
			isa = XCConfigurationList;
			buildConfigurations = (
				614894C32401344D00AB4788 /* Debug */,
				614894C42401344D00AB4788 /* Release */,
			);
			defaultConfigurationIsVisible = 0;
			defaultConfigurationName = Release;
		};
		61C4FC39239B894700F75B8D /* Build configuration list for PBXProject "GitBlamePR" */ = {
			isa = XCConfigurationList;
			buildConfigurations = (
				61C4FC5A239B894C00F75B8D /* Debug */,
				61C4FC5B239B894C00F75B8D /* Release */,
			);
			defaultConfigurationIsVisible = 0;
			defaultConfigurationName = Release;
		};
		61C4FC5C239B894C00F75B8D /* Build configuration list for PBXNativeTarget "GitBlamePR" */ = {
			isa = XCConfigurationList;
			buildConfigurations = (
				61C4FC5D239B894C00F75B8D /* Debug */,
				61C4FC5E239B894C00F75B8D /* Release */,
			);
			defaultConfigurationIsVisible = 0;
			defaultConfigurationName = Release;
		};
		61C4FC5F239B894C00F75B8D /* Build configuration list for PBXNativeTarget "GitBlamePRTests" */ = {
			isa = XCConfigurationList;
			buildConfigurations = (
				61C4FC60239B894C00F75B8D /* Debug */,
				61C4FC61239B894C00F75B8D /* Release */,
			);
			defaultConfigurationIsVisible = 0;
			defaultConfigurationName = Release;
		};
/* End XCConfigurationList section */

/* Begin XCRemoteSwiftPackageReference section */
		611D6F292437E538006BAD44 /* XCRemoteSwiftPackageReference "Kingfisher" */ = {
			isa = XCRemoteSwiftPackageReference;
			repositoryURL = "https://github.com/onevcat/Kingfisher.git";
			requirement = {
				kind = upToNextMajorVersion;
				minimumVersion = 5.13.3;
			};
		};
/* End XCRemoteSwiftPackageReference section */

/* Begin XCSwiftPackageProductDependency section */
		611D6F2A2437E538006BAD44 /* KingfisherSwiftUI */ = {
			isa = XCSwiftPackageProductDependency;
			package = 611D6F292437E538006BAD44 /* XCRemoteSwiftPackageReference "Kingfisher" */;
			productName = KingfisherSwiftUI;
		};
/* End XCSwiftPackageProductDependency section */
	};
	rootObject = 61C4FC36239B894700F75B8D /* Project object */;
}
