{
  "object": {
    "pins": [
      {
        "package": "APIKit",
        "repositoryURL": "https://github.com/ishkawa/APIKit.git",
        "state": {
          "branch": null,
          "revision": "f24f05616f8972fec937c2f069491468a8fabf85",
          "version": "5.1.0"
        }
      },
      {
        "package": "Kingfisher",
        "repositoryURL": "https://github.com/onevcat/Kingfisher.git",
        "state": {
          "branch": null,
          "revision": "7ccfb6cefdb6180cde839310e3dbd5b2d6fefee5",
          "version": "5.13.3"
        }
      }
    ]
  },
  "version": 1
}
