{
  "object": {
    "pins": [
      {
        "package": "APIKit",
        "repositoryURL": "https://github.com/ishkawa/APIKit.git",
        "state": {
          "branch": null,
          "revision": "f24f05616f8972fec937c2f069491468a8fabf85",
          "version": "5.1.0"
        }
      },
      {
        "package": "Ink",
        "repositoryURL": "https://github.com/maoyama/Ink.git",
        "state": {
          "branch": "master",
          "revision": "4649b24c568e2190739eb63340fa519117f2897b",
          "version": null
        }
      },
      {
        "package": "KeychainAccess",
        "repositoryURL": "https://github.com/kishikawakatsumi/KeychainAccess.git",
        "state": {
          "branch": null,
          "revision": "3d0ea2c0806791abcc5d7f0d9f62f1cfd4a7264d",
          "version": "4.2.0"
        }
      },
      {
        "package": "Kingfisher",
        "repositoryURL": "https://github.com/onevcat/Kingfisher.git",
        "state": {
          "branch": null,
          "revision": "7ccfb6cefdb6180cde839310e3dbd5b2d6fefee5",
          "version": "5.13.3"
        }
      }
    ]
  },
  "version": 1
}
